
Microsoft Visual Studio Solution File, Format Version 12.00
# Visual Studio Version 17
VisualStudioVersion = 17.8.34330.188
MinimumVisualStudioVersion = 10.0.40219.1
Project("{8BC9CEB8-8B4A-11D0-8D11-00A0C91BC942}") = "OOPL14", "OOPL14.vcxproj", "{08CBC6B1-996D-4CEC-A52B-40C7AB325B95}"
EndProject
Global
	GlobalSection(SolutionConfigurationPlatforms) = preSolution
		Debug|x64 = Debug|x64
		Debug|x86 = Debug|x86
		Release|x64 = Release|x64
		Release|x86 = Release|x86
	EndGlobalSection
	GlobalSection(ProjectConfigurationPlatforms) = postSolution
		{08CBC6B1-996D-4CEC-A52B-40C7AB325B95}.Debug|x64.ActiveCfg = Debug|x64
		{08CBC6B1-996D-4CEC-A52B-40C7AB325B95}.Debug|x64.Build.0 = Debug|x64
		{08CBC6B1-996D-4CEC-A52B-40C7AB325B95}.Debug|x86.ActiveCfg = Debug|Win32
		{08CBC6B1-996D-4CEC-A52B-40C7AB325B95}.Debug|x86.Build.0 = Debug|Win32
		{08CBC6B1-996D-4CEC-A52B-40C7AB325B95}.Release|x64.ActiveCfg = Release|x64
		{08CBC6B1-996D-4CEC-A52B-40C7AB325B95}.Release|x64.Build.0 = Release|x64
		{08CBC6B1-996D-4CEC-A52B-40C7AB325B95}.Release|x86.ActiveCfg = Release|Win32
		{08CBC6B1-996D-4CEC-A52B-40C7AB325B95}.Release|x86.Build.0 = Release|Win32
	EndGlobalSection
	GlobalSection(SolutionProperties) = preSolution
		HideSolutionNode = FALSE
	EndGlobalSection
	GlobalSection(ExtensibilityGlobals) = postSolution
		SolutionGuid = {630E9DAF-76A0-4436-B536-0CCEC1D7C8CE}
	EndGlobalSection
EndGlobal
